
Microsoft Visual Studio Solution File, Format Version 12.00
# Visual Studio 15
VisualStudioVersion = 15.0.26730.3
MinimumVisualStudioVersion = 10.0.40219.1
Project("{2150E333-8FDC-42A3-9474-1A3956D46DE8}") = "Solution Items", "Solution Items", "{41D65CF7-49C7-4BD0-BBBC-3D4444871661}"
	ProjectSection(SolutionItems) = preProject
		LICENSE.GPL = LICENSE.GPL
		readme.txt = readme.txt
	EndProjectSection
EndProject
Project("{FAE04EC0-301F-11D3-BF4B-00C04F79EFBC}") = "NfcTagGenerator", "NfcTagGenerator\NfcTagGenerator.csproj", "{D4126DDE-0BD9-4906-93B5-475AE1664878}"
EndProject
Project("{FAE04EC0-301F-11D3-BF4B-00C04F79EFBC}") = "NdefDemoWin10", "NdefDemoWin10\NdefDemoWin10.csproj", "{6A77C41E-6EEF-42D8-A9B0-87C507E7A3FB}"
EndProject
Project("{9A19103F-16F7-4668-BE54-9A1E7A4F7556}") = "NdefDemoWinUI3", "NdefDemoWinUI3\NdefDemoWinUI3.csproj", "{B8F3E2A1-4C5D-4E6F-8A9B-1C2D3E4F5A6B}"
EndProject
Project("{9A19103F-16F7-4668-BE54-9A1E7A4F7556}") = "NdefDemoWinUI3.Tests", "NdefDemoWinUI3.Tests\NdefDemoWinUI3.Tests.csproj", "{C9F4E3B2-5D6E-4F7A-8B9C-2D3E4F5A6B7C}"
EndProject
Global
	GlobalSection(SolutionConfigurationPlatforms) = preSolution
		Debug|Any CPU = Debug|Any CPU
		Debug|ARM = Debug|ARM
		Debug|ARM64 = Debug|ARM64
		Debug|x64 = Debug|x64
		Debug|x86 = Debug|x86
		Release|Any CPU = Release|Any CPU
		Release|ARM = Release|ARM
		Release|ARM64 = Release|ARM64
		Release|x64 = Release|x64
		Release|x86 = Release|x86
	EndGlobalSection
	GlobalSection(ProjectConfigurationPlatforms) = postSolution
		{D4126DDE-0BD9-4906-93B5-475AE1664878}.Debug|Any CPU.ActiveCfg = Debug|Any CPU
		{D4126DDE-0BD9-4906-93B5-475AE1664878}.Debug|Any CPU.Build.0 = Debug|Any CPU
		{D4126DDE-0BD9-4906-93B5-475AE1664878}.Debug|ARM.ActiveCfg = Debug|Any CPU
		{D4126DDE-0BD9-4906-93B5-475AE1664878}.Debug|ARM64.ActiveCfg = Debug|Any CPU
		{D4126DDE-0BD9-4906-93B5-475AE1664878}.Debug|x64.ActiveCfg = Debug|Any CPU
		{D4126DDE-0BD9-4906-93B5-475AE1664878}.Debug|x86.ActiveCfg = Debug|Any CPU
		{D4126DDE-0BD9-4906-93B5-475AE1664878}.Release|Any CPU.ActiveCfg = Release|Any CPU
		{D4126DDE-0BD9-4906-93B5-475AE1664878}.Release|Any CPU.Build.0 = Release|Any CPU
		{D4126DDE-0BD9-4906-93B5-475AE1664878}.Release|ARM.ActiveCfg = Release|Any CPU
		{D4126DDE-0BD9-4906-93B5-475AE1664878}.Release|ARM64.ActiveCfg = Release|Any CPU
		{D4126DDE-0BD9-4906-93B5-475AE1664878}.Release|x64.ActiveCfg = Release|Any CPU
		{D4126DDE-0BD9-4906-93B5-475AE1664878}.Release|x86.ActiveCfg = Release|Any CPU
		{6A77C41E-6EEF-42D8-A9B0-87C507E7A3FB}.Debug|Any CPU.ActiveCfg = Debug|x86
		{6A77C41E-6EEF-42D8-A9B0-87C507E7A3FB}.Debug|Any CPU.Build.0 = Debug|x86
		{6A77C41E-6EEF-42D8-A9B0-87C507E7A3FB}.Debug|Any CPU.Deploy.0 = Debug|x86
		{6A77C41E-6EEF-42D8-A9B0-87C507E7A3FB}.Debug|ARM.ActiveCfg = Debug|ARM
		{6A77C41E-6EEF-42D8-A9B0-87C507E7A3FB}.Debug|ARM.Build.0 = Debug|ARM
		{6A77C41E-6EEF-42D8-A9B0-87C507E7A3FB}.Debug|ARM.Deploy.0 = Debug|ARM
		{6A77C41E-6EEF-42D8-A9B0-87C507E7A3FB}.Debug|ARM64.ActiveCfg = Debug|ARM
		{6A77C41E-6EEF-42D8-A9B0-87C507E7A3FB}.Debug|ARM64.Build.0 = Debug|ARM
		{6A77C41E-6EEF-42D8-A9B0-87C507E7A3FB}.Debug|ARM64.Deploy.0 = Debug|ARM
		{6A77C41E-6EEF-42D8-A9B0-87C507E7A3FB}.Debug|x64.ActiveCfg = Debug|x64
		{6A77C41E-6EEF-42D8-A9B0-87C507E7A3FB}.Debug|x64.Build.0 = Debug|x64
		{6A77C41E-6EEF-42D8-A9B0-87C507E7A3FB}.Debug|x64.Deploy.0 = Debug|x64
		{6A77C41E-6EEF-42D8-A9B0-87C507E7A3FB}.Debug|x86.ActiveCfg = Debug|x86
		{6A77C41E-6EEF-42D8-A9B0-87C507E7A3FB}.Debug|x86.Build.0 = Debug|x86
		{6A77C41E-6EEF-42D8-A9B0-87C507E7A3FB}.Debug|x86.Deploy.0 = Debug|x86
		{6A77C41E-6EEF-42D8-A9B0-87C507E7A3FB}.Release|Any CPU.ActiveCfg = Release|x86
		{6A77C41E-6EEF-42D8-A9B0-87C507E7A3FB}.Release|ARM.ActiveCfg = Release|ARM
		{6A77C41E-6EEF-42D8-A9B0-87C507E7A3FB}.Release|ARM.Build.0 = Release|ARM
		{6A77C41E-6EEF-42D8-A9B0-87C507E7A3FB}.Release|ARM.Deploy.0 = Release|ARM
		{6A77C41E-6EEF-42D8-A9B0-87C507E7A3FB}.Release|ARM64.ActiveCfg = Release|ARM
		{6A77C41E-6EEF-42D8-A9B0-87C507E7A3FB}.Release|ARM64.Build.0 = Release|ARM
		{6A77C41E-6EEF-42D8-A9B0-87C507E7A3FB}.Release|ARM64.Deploy.0 = Release|ARM
		{6A77C41E-6EEF-42D8-A9B0-87C507E7A3FB}.Release|x64.ActiveCfg = Release|x64
		{6A77C41E-6EEF-42D8-A9B0-87C507E7A3FB}.Release|x64.Build.0 = Release|x64
		{6A77C41E-6EEF-42D8-A9B0-87C507E7A3FB}.Release|x64.Deploy.0 = Release|x64
		{6A77C41E-6EEF-42D8-A9B0-87C507E7A3FB}.Release|x86.ActiveCfg = Release|x86
		{6A77C41E-6EEF-42D8-A9B0-87C507E7A3FB}.Release|x86.Build.0 = Release|x86
		{6A77C41E-6EEF-42D8-A9B0-87C507E7A3FB}.Release|x86.Deploy.0 = Release|x86
		{B8F3E2A1-4C5D-4E6F-8A9B-1C2D3E4F5A6B}.Debug|Any CPU.ActiveCfg = Debug|x86
		{B8F3E2A1-4C5D-4E6F-8A9B-1C2D3E4F5A6B}.Debug|Any CPU.Build.0 = Debug|x86
		{B8F3E2A1-4C5D-4E6F-8A9B-1C2D3E4F5A6B}.Debug|Any CPU.Deploy.0 = Debug|x86
		{B8F3E2A1-4C5D-4E6F-8A9B-1C2D3E4F5A6B}.Debug|ARM.ActiveCfg = Debug|ARM64
		{B8F3E2A1-4C5D-4E6F-8A9B-1C2D3E4F5A6B}.Debug|ARM64.ActiveCfg = Debug|ARM64
		{B8F3E2A1-4C5D-4E6F-8A9B-1C2D3E4F5A6B}.Debug|ARM64.Build.0 = Debug|ARM64
		{B8F3E2A1-4C5D-4E6F-8A9B-1C2D3E4F5A6B}.Debug|ARM64.Deploy.0 = Debug|ARM64
		{B8F3E2A1-4C5D-4E6F-8A9B-1C2D3E4F5A6B}.Debug|x64.ActiveCfg = Debug|x64
		{B8F3E2A1-4C5D-4E6F-8A9B-1C2D3E4F5A6B}.Debug|x64.Build.0 = Debug|x64
		{B8F3E2A1-4C5D-4E6F-8A9B-1C2D3E4F5A6B}.Debug|x64.Deploy.0 = Debug|x64
		{B8F3E2A1-4C5D-4E6F-8A9B-1C2D3E4F5A6B}.Debug|x86.ActiveCfg = Debug|x86
		{B8F3E2A1-4C5D-4E6F-8A9B-1C2D3E4F5A6B}.Debug|x86.Build.0 = Debug|x86
		{B8F3E2A1-4C5D-4E6F-8A9B-1C2D3E4F5A6B}.Debug|x86.Deploy.0 = Debug|x86
		{B8F3E2A1-4C5D-4E6F-8A9B-1C2D3E4F5A6B}.Release|Any CPU.ActiveCfg = Release|x86
		{B8F3E2A1-4C5D-4E6F-8A9B-1C2D3E4F5A6B}.Release|ARM.ActiveCfg = Release|ARM64
		{B8F3E2A1-4C5D-4E6F-8A9B-1C2D3E4F5A6B}.Release|ARM64.ActiveCfg = Release|ARM64
		{B8F3E2A1-4C5D-4E6F-8A9B-1C2D3E4F5A6B}.Release|ARM64.Build.0 = Release|ARM64
		{B8F3E2A1-4C5D-4E6F-8A9B-1C2D3E4F5A6B}.Release|ARM64.Deploy.0 = Release|ARM64
		{B8F3E2A1-4C5D-4E6F-8A9B-1C2D3E4F5A6B}.Release|x64.ActiveCfg = Release|x64
		{B8F3E2A1-4C5D-4E6F-8A9B-1C2D3E4F5A6B}.Release|x64.Build.0 = Release|x64
		{B8F3E2A1-4C5D-4E6F-8A9B-1C2D3E4F5A6B}.Release|x64.Deploy.0 = Release|x64
		{B8F3E2A1-4C5D-4E6F-8A9B-1C2D3E4F5A6B}.Release|x86.ActiveCfg = Release|x86
		{B8F3E2A1-4C5D-4E6F-8A9B-1C2D3E4F5A6B}.Release|x86.Build.0 = Release|x86
		{B8F3E2A1-4C5D-4E6F-8A9B-1C2D3E4F5A6B}.Release|x86.Deploy.0 = Release|x86
		{C9F4E3B2-5D6E-4F7A-8B9C-2D3E4F5A6B7C}.Debug|Any CPU.ActiveCfg = Debug|Any CPU
		{C9F4E3B2-5D6E-4F7A-8B9C-2D3E4F5A6B7C}.Debug|Any CPU.Build.0 = Debug|Any CPU
		{C9F4E3B2-5D6E-4F7A-8B9C-2D3E4F5A6B7C}.Debug|ARM.ActiveCfg = Debug|Any CPU
		{C9F4E3B2-5D6E-4F7A-8B9C-2D3E4F5A6B7C}.Debug|ARM64.ActiveCfg = Debug|Any CPU
		{C9F4E3B2-5D6E-4F7A-8B9C-2D3E4F5A6B7C}.Debug|x64.ActiveCfg = Debug|Any CPU
		{C9F4E3B2-5D6E-4F7A-8B9C-2D3E4F5A6B7C}.Debug|x64.Build.0 = Debug|Any CPU
		{C9F4E3B2-5D6E-4F7A-8B9C-2D3E4F5A6B7C}.Debug|x86.ActiveCfg = Debug|Any CPU
		{C9F4E3B2-5D6E-4F7A-8B9C-2D3E4F5A6B7C}.Debug|x86.Build.0 = Debug|Any CPU
		{C9F4E3B2-5D6E-4F7A-8B9C-2D3E4F5A6B7C}.Release|Any CPU.ActiveCfg = Release|Any CPU
		{C9F4E3B2-5D6E-4F7A-8B9C-2D3E4F5A6B7C}.Release|Any CPU.Build.0 = Release|Any CPU
		{C9F4E3B2-5D6E-4F7A-8B9C-2D3E4F5A6B7C}.Release|ARM.ActiveCfg = Release|Any CPU
		{C9F4E3B2-5D6E-4F7A-8B9C-2D3E4F5A6B7C}.Release|ARM64.ActiveCfg = Release|Any CPU
		{C9F4E3B2-5D6E-4F7A-8B9C-2D3E4F5A6B7C}.Release|x64.ActiveCfg = Release|Any CPU
		{C9F4E3B2-5D6E-4F7A-8B9C-2D3E4F5A6B7C}.Release|x64.Build.0 = Release|Any CPU
		{C9F4E3B2-5D6E-4F7A-8B9C-2D3E4F5A6B7C}.Release|x86.ActiveCfg = Release|Any CPU
		{C9F4E3B2-5D6E-4F7A-8B9C-2D3E4F5A6B7C}.Release|x86.Build.0 = Release|Any CPU
	EndGlobalSection
	GlobalSection(SolutionProperties) = preSolution
		HideSolutionNode = FALSE
	EndGlobalSection
	GlobalSection(ExtensibilityGlobals) = postSolution
		SolutionGuid = {46365984-47C8-442F-BDA6-B48DED1EF8EF}
	EndGlobalSection
EndGlobal
